// !$*UTF8*$!
{
	archiveVersion = 1;
	classes = {
	};
	objectVersion = 46;
	objects = {

/* Begin PBXBuildFile section */
		AF775B751DCB7DB600D5B9D6 /* AppDelegate.swift in Sources */ = {isa = PBXBuildFile; fileRef = AF775B741DCB7DB600D5B9D6 /* AppDelegate.swift */; };
		AF775B771DCB7DB600D5B9D6 /* SignInVC.swift in Sources */ = {isa = PBXBuildFile; fileRef = AF775B761DCB7DB600D5B9D6 /* SignInVC.swift */; };
		AF775B7A1DCB7DB600D5B9D6 /* Main.storyboard in Resources */ = {isa = PBXBuildFile; fileRef = AF775B781DCB7DB600D5B9D6 /* Main.storyboard */; };
		AF775B7C1DCB7DB600D5B9D6 /* Assets.xcassets in Resources */ = {isa = PBXBuildFile; fileRef = AF775B7B1DCB7DB600D5B9D6 /* Assets.xcassets */; };
		AF775B7F1DCB7DB600D5B9D6 /* LaunchScreen.storyboard in Resources */ = {isa = PBXBuildFile; fileRef = AF775B7D1DCB7DB600D5B9D6 /* LaunchScreen.storyboard */; };
		AF775B8A1DCB7DB600D5B9D6 /* Jesters_HubTests.swift in Sources */ = {isa = PBXBuildFile; fileRef = AF775B891DCB7DB600D5B9D6 /* Jesters_HubTests.swift */; };
		AF775B951DCB7DB600D5B9D6 /* Jesters_HubUITests.swift in Sources */ = {isa = PBXBuildFile; fileRef = AF775B941DCB7DB600D5B9D6 /* Jesters_HubUITests.swift */; };
		AF775BA31DCB7E8500D5B9D6 /* GoogleService-Info.plist in Resources */ = {isa = PBXBuildFile; fileRef = AF775BA21DCB7E8500D5B9D6 /* GoogleService-Info.plist */; };
		BB03C0178DD9625C7E97508A /* Pods_Jesters_HubUITests.framework in Frameworks */ = {isa = PBXBuildFile; fileRef = 8F4C5AC4AE7DFD3099C0F967 /* Pods_Jesters_HubUITests.framework */; };
		D55D4E09A6ACC3C156F85599 /* Pods_Jesters_HubTests.framework in Frameworks */ = {isa = PBXBuildFile; fileRef = 5496B76BEF37E6C7AB2C6EFF /* Pods_Jesters_HubTests.framework */; };
		EF6F0D2C9257F3817EE14C25 /* Pods_Jesters_Hub.framework in Frameworks */ = {isa = PBXBuildFile; fileRef = 2CA0C66C327280B2F187647B /* Pods_Jesters_Hub.framework */; };
/* End PBXBuildFile section */

/* Begin PBXContainerItemProxy section */
		AF775B861DCB7DB600D5B9D6 /* PBXContainerItemProxy */ = {
			isa = PBXContainerItemProxy;
			containerPortal = AF775B691DCB7DB600D5B9D6 /* Project object */;
			proxyType = 1;
			remoteGlobalIDString = AF775B701DCB7DB600D5B9D6;
			remoteInfo = "Jesters-Hub";
		};
		AF775B911DCB7DB600D5B9D6 /* PBXContainerItemProxy */ = {
			isa = PBXContainerItemProxy;
			containerPortal = AF775B691DCB7DB600D5B9D6 /* Project object */;
			proxyType = 1;
			remoteGlobalIDString = AF775B701DCB7DB600D5B9D6;
			remoteInfo = "Jesters-Hub";
		};
/* End PBXContainerItemProxy section */

/* Begin PBXFileReference section */
		2CA0C66C327280B2F187647B /* Pods_Jesters_Hub.framework */ = {isa = PBXFileReference; explicitFileType = wrapper.framework; includeInIndex = 0; path = Pods_Jesters_Hub.framework; sourceTree = BUILT_PRODUCTS_DIR; };
		5496B76BEF37E6C7AB2C6EFF /* Pods_Jesters_HubTests.framework */ = {isa = PBXFileReference; explicitFileType = wrapper.framework; includeInIndex = 0; path = Pods_Jesters_HubTests.framework; sourceTree = BUILT_PRODUCTS_DIR; };
		7BEC66F69BB6791DB3F2F707 /* Pods-Jesters-HubTests.debug.xcconfig */ = {isa = PBXFileReference; includeInIndex = 1; lastKnownFileType = text.xcconfig; name = "Pods-Jesters-HubTests.debug.xcconfig"; path = "Pods/Target Support Files/Pods-Jesters-HubTests/Pods-Jesters-HubTests.debug.xcconfig"; sourceTree = "<group>"; };
		8F4C5AC4AE7DFD3099C0F967 /* Pods_Jesters_HubUITests.framework */ = {isa = PBXFileReference; explicitFileType = wrapper.framework; includeInIndex = 0; path = Pods_Jesters_HubUITests.framework; sourceTree = BUILT_PRODUCTS_DIR; };
		943B903CD9A3C09DFD0585A8 /* Pods-Jesters-Hub.release.xcconfig */ = {isa = PBXFileReference; includeInIndex = 1; lastKnownFileType = text.xcconfig; name = "Pods-Jesters-Hub.release.xcconfig"; path = "Pods/Target Support Files/Pods-Jesters-Hub/Pods-Jesters-Hub.release.xcconfig"; sourceTree = "<group>"; };
		9464D4BAED1FA2B20D268A5C /* Pods-Jesters-HubUITests.debug.xcconfig */ = {isa = PBXFileReference; includeInIndex = 1; lastKnownFileType = text.xcconfig; name = "Pods-Jesters-HubUITests.debug.xcconfig"; path = "Pods/Target Support Files/Pods-Jesters-HubUITests/Pods-Jesters-HubUITests.debug.xcconfig"; sourceTree = "<group>"; };
		98E308DD762B613448935899 /* Pods-Jesters-HubUITests.release.xcconfig */ = {isa = PBXFileReference; includeInIndex = 1; lastKnownFileType = text.xcconfig; name = "Pods-Jesters-HubUITests.release.xcconfig"; path = "Pods/Target Support Files/Pods-Jesters-HubUITests/Pods-Jesters-HubUITests.release.xcconfig"; sourceTree = "<group>"; };
		AF775B711DCB7DB600D5B9D6 /* Jesters-Hub.app */ = {isa = PBXFileReference; explicitFileType = wrapper.application; includeInIndex = 0; path = "Jesters-Hub.app"; sourceTree = BUILT_PRODUCTS_DIR; };
		AF775B741DCB7DB600D5B9D6 /* AppDelegate.swift */ = {isa = PBXFileReference; lastKnownFileType = sourcecode.swift; path = AppDelegate.swift; sourceTree = "<group>"; };
		AF775B761DCB7DB600D5B9D6 /* SignInVC.swift */ = {isa = PBXFileReference; lastKnownFileType = sourcecode.swift; path = SignInVC.swift; sourceTree = "<group>"; };
		AF775B791DCB7DB600D5B9D6 /* Base */ = {isa = PBXFileReference; lastKnownFileType = file.storyboard; name = Base; path = Base.lproj/Main.storyboard; sourceTree = "<group>"; };
		AF775B7B1DCB7DB600D5B9D6 /* Assets.xcassets */ = {isa = PBXFileReference; lastKnownFileType = folder.assetcatalog; path = Assets.xcassets; sourceTree = "<group>"; };
		AF775B7E1DCB7DB600D5B9D6 /* Base */ = {isa = PBXFileReference; lastKnownFileType = file.storyboard; name = Base; path = Base.lproj/LaunchScreen.storyboard; sourceTree = "<group>"; };
		AF775B801DCB7DB600D5B9D6 /* Info.plist */ = {isa = PBXFileReference; lastKnownFileType = text.plist.xml; path = Info.plist; sourceTree = "<group>"; };
		AF775B851DCB7DB600D5B9D6 /* Jesters-HubTests.xctest */ = {isa = PBXFileReference; explicitFileType = wrapper.cfbundle; includeInIndex = 0; path = "Jesters-HubTests.xctest"; sourceTree = BUILT_PRODUCTS_DIR; };
		AF775B891DCB7DB600D5B9D6 /* Jesters_HubTests.swift */ = {isa = PBXFileReference; lastKnownFileType = sourcecode.swift; path = Jesters_HubTests.swift; sourceTree = "<group>"; };
		AF775B8B1DCB7DB600D5B9D6 /* Info.plist */ = {isa = PBXFileReference; lastKnownFileType = text.plist.xml; path = Info.plist; sourceTree = "<group>"; };
		AF775B901DCB7DB600D5B9D6 /* Jesters-HubUITests.xctest */ = {isa = PBXFileReference; explicitFileType = wrapper.cfbundle; includeInIndex = 0; path = "Jesters-HubUITests.xctest"; sourceTree = BUILT_PRODUCTS_DIR; };
		AF775B941DCB7DB600D5B9D6 /* Jesters_HubUITests.swift */ = {isa = PBXFileReference; lastKnownFileType = sourcecode.swift; path = Jesters_HubUITests.swift; sourceTree = "<group>"; };
		AF775B961DCB7DB600D5B9D6 /* Info.plist */ = {isa = PBXFileReference; lastKnownFileType = text.plist.xml; path = Info.plist; sourceTree = "<group>"; };
		AF775BA21DCB7E8500D5B9D6 /* GoogleService-Info.plist */ = {isa = PBXFileReference; fileEncoding = 4; lastKnownFileType = text.plist.xml; name = "GoogleService-Info.plist"; path = "../../../../../../Downloads/GoogleService-Info.plist"; sourceTree = "<group>"; };
		D4850AF1574BA9975C0DC024 /* Pods-Jesters-Hub.debug.xcconfig */ = {isa = PBXFileReference; includeInIndex = 1; lastKnownFileType = text.xcconfig; name = "Pods-Jesters-Hub.debug.xcconfig"; path = "Pods/Target Support Files/Pods-Jesters-Hub/Pods-Jesters-Hub.debug.xcconfig"; sourceTree = "<group>"; };
		DCCFDCAE993FB441F05B1140 /* Pods-Jesters-HubTests.release.xcconfig */ = {isa = PBXFileReference; includeInIndex = 1; lastKnownFileType = text.xcconfig; name = "Pods-Jesters-HubTests.release.xcconfig"; path = "Pods/Target Support Files/Pods-Jesters-HubTests/Pods-Jesters-HubTests.release.xcconfig"; sourceTree = "<group>"; };
/* End PBXFileReference section */

/* Begin PBXFrameworksBuildPhase section */
		AF775B6E1DCB7DB600D5B9D6 /* Frameworks */ = {
			isa = PBXFrameworksBuildPhase;
			buildActionMask = 2147483647;
			files = (
				EF6F0D2C9257F3817EE14C25 /* Pods_Jesters_Hub.framework in Frameworks */,
			);
			runOnlyForDeploymentPostprocessing = 0;
		};
		AF775B821DCB7DB600D5B9D6 /* Frameworks */ = {
			isa = PBXFrameworksBuildPhase;
			buildActionMask = 2147483647;
			files = (
				D55D4E09A6ACC3C156F85599 /* Pods_Jesters_HubTests.framework in Frameworks */,
			);
			runOnlyForDeploymentPostprocessing = 0;
		};
		AF775B8D1DCB7DB600D5B9D6 /* Frameworks */ = {
			isa = PBXFrameworksBuildPhase;
			buildActionMask = 2147483647;
			files = (
				BB03C0178DD9625C7E97508A /* Pods_Jesters_HubUITests.framework in Frameworks */,
			);
			runOnlyForDeploymentPostprocessing = 0;
		};
/* End PBXFrameworksBuildPhase section */

/* Begin PBXGroup section */
		1DA6F5428FE14FED54052FB5 /* Frameworks */ = {
			isa = PBXGroup;
			children = (
				2CA0C66C327280B2F187647B /* Pods_Jesters_Hub.framework */,
				5496B76BEF37E6C7AB2C6EFF /* Pods_Jesters_HubTests.framework */,
				8F4C5AC4AE7DFD3099C0F967 /* Pods_Jesters_HubUITests.framework */,
			);
			name = Frameworks;
			sourceTree = "<group>";
		};
		AF775B681DCB7DB600D5B9D6 = {
			isa = PBXGroup;
			children = (
				AF775B731DCB7DB600D5B9D6 /* Jesters-Hub */,
				AF775B881DCB7DB600D5B9D6 /* Jesters-HubTests */,
				AF775B931DCB7DB600D5B9D6 /* Jesters-HubUITests */,
				AF775B721DCB7DB600D5B9D6 /* Products */,
				DFBF8EB4212BCEEA3C424AA9 /* Pods */,
				1DA6F5428FE14FED54052FB5 /* Frameworks */,
			);
			sourceTree = "<group>";
		};
		AF775B721DCB7DB600D5B9D6 /* Products */ = {
			isa = PBXGroup;
			children = (
				AF775B711DCB7DB600D5B9D6 /* Jesters-Hub.app */,
				AF775B851DCB7DB600D5B9D6 /* Jesters-HubTests.xctest */,
				AF775B901DCB7DB600D5B9D6 /* Jesters-HubUITests.xctest */,
			);
			name = Products;
			sourceTree = "<group>";
		};
		AF775B731DCB7DB600D5B9D6 /* Jesters-Hub */ = {
			isa = PBXGroup;
			children = (
				AF775BA41DCB823F00D5B9D6 /* Model */,
				AF775BA61DCB824C00D5B9D6 /* Controller */,
				AF775BA51DCB824500D5B9D6 /* View */,
				AF775B741DCB7DB600D5B9D6 /* AppDelegate.swift */,
				AF775B781DCB7DB600D5B9D6 /* Main.storyboard */,
				AF775B7B1DCB7DB600D5B9D6 /* Assets.xcassets */,
				AF775B7D1DCB7DB600D5B9D6 /* LaunchScreen.storyboard */,
				AF775BA21DCB7E8500D5B9D6 /* GoogleService-Info.plist */,
				AF775B801DCB7DB600D5B9D6 /* Info.plist */,
			);
			path = "Jesters-Hub";
			sourceTree = "<group>";
		};
		AF775B881DCB7DB600D5B9D6 /* Jesters-HubTests */ = {
			isa = PBXGroup;
			children = (
				AF775B891DCB7DB600D5B9D6 /* Jesters_HubTests.swift */,
				AF775B8B1DCB7DB600D5B9D6 /* Info.plist */,
			);
			path = "Jesters-HubTests";
			sourceTree = "<group>";
		};
		AF775B931DCB7DB600D5B9D6 /* Jesters-HubUITests */ = {
			isa = PBXGroup;
			children = (
				AF775B941DCB7DB600D5B9D6 /* Jesters_HubUITests.swift */,
				AF775B961DCB7DB600D5B9D6 /* Info.plist */,
			);
			path = "Jesters-HubUITests";
			sourceTree = "<group>";
		};
		AF775BA41DCB823F00D5B9D6 /* Model */ = {
			isa = PBXGroup;
			children = (
			);
			name = Model;
			sourceTree = "<group>";
		};
		AF775BA51DCB824500D5B9D6 /* View */ = {
			isa = PBXGroup;
			children = (
			);
			name = View;
			sourceTree = "<group>";
		};
		AF775BA61DCB824C00D5B9D6 /* Controller */ = {
			isa = PBXGroup;
			children = (
				AF775B761DCB7DB600D5B9D6 /* SignInVC.swift */,
			);
			name = Controller;
			sourceTree = "<group>";
		};
		DFBF8EB4212BCEEA3C424AA9 /* Pods */ = {
			isa = PBXGroup;
			children = (
				D4850AF1574BA9975C0DC024 /* Pods-Jesters-Hub.debug.xcconfig */,
				943B903CD9A3C09DFD0585A8 /* Pods-Jesters-Hub.release.xcconfig */,
				7BEC66F69BB6791DB3F2F707 /* Pods-Jesters-HubTests.debug.xcconfig */,
				DCCFDCAE993FB441F05B1140 /* Pods-Jesters-HubTests.release.xcconfig */,
				9464D4BAED1FA2B20D268A5C /* Pods-Jesters-HubUITests.debug.xcconfig */,
				98E308DD762B613448935899 /* Pods-Jesters-HubUITests.release.xcconfig */,
			);
			name = Pods;
			sourceTree = "<group>";
		};
/* End PBXGroup section */

/* Begin PBXNativeTarget section */
		AF775B701DCB7DB600D5B9D6 /* Jesters-Hub */ = {
			isa = PBXNativeTarget;
			buildConfigurationList = AF775B991DCB7DB600D5B9D6 /* Build configuration list for PBXNativeTarget "Jesters-Hub" */;
			buildPhases = (
				F7C4BCA4ADAA29463643BBAD /* [CP] Check Pods Manifest.lock */,
				AF775B6D1DCB7DB600D5B9D6 /* Sources */,
				AF775B6E1DCB7DB600D5B9D6 /* Frameworks */,
				AF775B6F1DCB7DB600D5B9D6 /* Resources */,
				19F642BEB80A16809E5D0310 /* [CP] Embed Pods Frameworks */,
				4125B072EE2AF78A58D9A669 /* [CP] Copy Pods Resources */,
			);
			buildRules = (
			);
			dependencies = (
			);
			name = "Jesters-Hub";
			productName = "Jesters-Hub";
			productReference = AF775B711DCB7DB600D5B9D6 /* Jesters-Hub.app */;
			productType = "com.apple.product-type.application";
		};
		AF775B841DCB7DB600D5B9D6 /* Jesters-HubTests */ = {
			isa = PBXNativeTarget;
			buildConfigurationList = AF775B9C1DCB7DB600D5B9D6 /* Build configuration list for PBXNativeTarget "Jesters-HubTests" */;
			buildPhases = (
				4109B74D47DD1653AC824F2E /* [CP] Check Pods Manifest.lock */,
				AF775B811DCB7DB600D5B9D6 /* Sources */,
				AF775B821DCB7DB600D5B9D6 /* Frameworks */,
				AF775B831DCB7DB600D5B9D6 /* Resources */,
				9D639ADC04F56528E18FFB76 /* [CP] Embed Pods Frameworks */,
				519528249E9EA7C71BE8E8F0 /* [CP] Copy Pods Resources */,
			);
			buildRules = (
			);
			dependencies = (
				AF775B871DCB7DB600D5B9D6 /* PBXTargetDependency */,
			);
			name = "Jesters-HubTests";
			productName = "Jesters-HubTests";
			productReference = AF775B851DCB7DB600D5B9D6 /* Jesters-HubTests.xctest */;
			productType = "com.apple.product-type.bundle.unit-test";
		};
		AF775B8F1DCB7DB600D5B9D6 /* Jesters-HubUITests */ = {
			isa = PBXNativeTarget;
			buildConfigurationList = AF775B9F1DCB7DB600D5B9D6 /* Build configuration list for PBXNativeTarget "Jesters-HubUITests" */;
			buildPhases = (
				DFD65CB1F8F80CB3D5F2140B /* [CP] Check Pods Manifest.lock */,
				AF775B8C1DCB7DB600D5B9D6 /* Sources */,
				AF775B8D1DCB7DB600D5B9D6 /* Frameworks */,
				AF775B8E1DCB7DB600D5B9D6 /* Resources */,
				562FFA7B18DBF6310D1B5CA1 /* [CP] Embed Pods Frameworks */,
				FAEA51350FCECC280AFFF955 /* [CP] Copy Pods Resources */,
			);
			buildRules = (
			);
			dependencies = (
				AF775B921DCB7DB600D5B9D6 /* PBXTargetDependency */,
			);
			name = "Jesters-HubUITests";
			productName = "Jesters-HubUITests";
			productReference = AF775B901DCB7DB600D5B9D6 /* Jesters-HubUITests.xctest */;
			productType = "com.apple.product-type.bundle.ui-testing";
		};
/* End PBXNativeTarget section */

/* Begin PBXProject section */
		AF775B691DCB7DB600D5B9D6 /* Project object */ = {
			isa = PBXProject;
			attributes = {
				LastSwiftUpdateCheck = 0810;
				LastUpgradeCheck = 0810;
				ORGANIZATIONNAME = "Moe Anvar";
				TargetAttributes = {
					AF775B701DCB7DB600D5B9D6 = {
						CreatedOnToolsVersion = 8.1;
						DevelopmentTeam = R7P88YM2GX;
						ProvisioningStyle = Automatic;
					};
					AF775B841DCB7DB600D5B9D6 = {
						CreatedOnToolsVersion = 8.1;
						DevelopmentTeam = R7P88YM2GX;
						ProvisioningStyle = Automatic;
						TestTargetID = AF775B701DCB7DB600D5B9D6;
					};
					AF775B8F1DCB7DB600D5B9D6 = {
						CreatedOnToolsVersion = 8.1;
						DevelopmentTeam = R7P88YM2GX;
						ProvisioningStyle = Automatic;
						TestTargetID = AF775B701DCB7DB600D5B9D6;
					};
				};
			};
			buildConfigurationList = AF775B6C1DCB7DB600D5B9D6 /* Build configuration list for PBXProject "Jesters-Hub" */;
			compatibilityVersion = "Xcode 3.2";
			developmentRegion = English;
			hasScannedForEncodings = 0;
			knownRegions = (
				en,
				Base,
			);
			mainGroup = AF775B681DCB7DB600D5B9D6;
			productRefGroup = AF775B721DCB7DB600D5B9D6 /* Products */;
			projectDirPath = "";
			projectRoot = "";
			targets = (
				AF775B701DCB7DB600D5B9D6 /* Jesters-Hub */,
				AF775B841DCB7DB600D5B9D6 /* Jesters-HubTests */,
				AF775B8F1DCB7DB600D5B9D6 /* Jesters-HubUITests */,
			);
		};
/* End PBXProject section */

/* Begin PBXResourcesBuildPhase section */
		AF775B6F1DCB7DB600D5B9D6 /* Resources */ = {
			isa = PBXResourcesBuildPhase;
			buildActionMask = 2147483647;
			files = (
				AF775B7F1DCB7DB600D5B9D6 /* LaunchScreen.storyboard in Resources */,
				AF775BA31DCB7E8500D5B9D6 /* GoogleService-Info.plist in Resources */,
				AF775B7C1DCB7DB600D5B9D6 /* Assets.xcassets in Resources */,
				AF775B7A1DCB7DB600D5B9D6 /* Main.storyboard in Resources */,
			);
			runOnlyForDeploymentPostprocessing = 0;
		};
		AF775B831DCB7DB600D5B9D6 /* Resources */ = {
			isa = PBXResourcesBuildPhase;
			buildActionMask = 2147483647;
			files = (
			);
			runOnlyForDeploymentPostprocessing = 0;
		};
		AF775B8E1DCB7DB600D5B9D6 /* Resources */ = {
			isa = PBXResourcesBuildPhase;
			buildActionMask = 2147483647;
			files = (
			);
			runOnlyForDeploymentPostprocessing = 0;
		};
/* End PBXResourcesBuildPhase section */

/* Begin PBXShellScriptBuildPhase section */
		19F642BEB80A16809E5D0310 /* [CP] Embed Pods Frameworks */ = {
			isa = PBXShellScriptBuildPhase;
			buildActionMask = 2147483647;
			files = (
			);
			inputPaths = (
			);
			name = "[CP] Embed Pods Frameworks";
			outputPaths = (
			);
			runOnlyForDeploymentPostprocessing = 0;
			shellPath = /bin/sh;
			shellScript = "\"${SRCROOT}/Pods/Target Support Files/Pods-Jesters-Hub/Pods-Jesters-Hub-frameworks.sh\"\n";
			showEnvVarsInLog = 0;
		};
		4109B74D47DD1653AC824F2E /* [CP] Check Pods Manifest.lock */ = {
			isa = PBXShellScriptBuildPhase;
			buildActionMask = 2147483647;
			files = (
			);
			inputPaths = (
			);
			name = "[CP] Check Pods Manifest.lock";
			outputPaths = (
			);
			runOnlyForDeploymentPostprocessing = 0;
			shellPath = /bin/sh;
			shellScript = "diff \"${PODS_ROOT}/../Podfile.lock\" \"${PODS_ROOT}/Manifest.lock\" > /dev/null\nif [ $? != 0 ] ; then\n    # print error to STDERR\n    echo \"error: The sandbox is not in sync with the Podfile.lock. Run 'pod install' or update your CocoaPods installation.\" >&2\n    exit 1\nfi\n";
			showEnvVarsInLog = 0;
		};
		4125B072EE2AF78A58D9A669 /* [CP] Copy Pods Resources */ = {
			isa = PBXShellScriptBuildPhase;
			buildActionMask = 2147483647;
			files = (
			);
			inputPaths = (
			);
			name = "[CP] Copy Pods Resources";
			outputPaths = (
			);
			runOnlyForDeploymentPostprocessing = 0;
			shellPath = /bin/sh;
			shellScript = "\"${SRCROOT}/Pods/Target Support Files/Pods-Jesters-Hub/Pods-Jesters-Hub-resources.sh\"\n";
			showEnvVarsInLog = 0;
		};
		519528249E9EA7C71BE8E8F0 /* [CP] Copy Pods Resources */ = {
			isa = PBXShellScriptBuildPhase;
			buildActionMask = 2147483647;
			files = (
			);
			inputPaths = (
			);
			name = "[CP] Copy Pods Resources";
			outputPaths = (
			);
			runOnlyForDeploymentPostprocessing = 0;
			shellPath = /bin/sh;
			shellScript = "\"${SRCROOT}/Pods/Target Support Files/Pods-Jesters-HubTests/Pods-Jesters-HubTests-resources.sh\"\n";
			showEnvVarsInLog = 0;
		};
		562FFA7B18DBF6310D1B5CA1 /* [CP] Embed Pods Frameworks */ = {
			isa = PBXShellScriptBuildPhase;
			buildActionMask = 2147483647;
			files = (
			);
			inputPaths = (
			);
			name = "[CP] Embed Pods Frameworks";
			outputPaths = (
			);
			runOnlyForDeploymentPostprocessing = 0;
			shellPath = /bin/sh;
			shellScript = "\"${SRCROOT}/Pods/Target Support Files/Pods-Jesters-HubUITests/Pods-Jesters-HubUITests-frameworks.sh\"\n";
			showEnvVarsInLog = 0;
		};
		9D639ADC04F56528E18FFB76 /* [CP] Embed Pods Frameworks */ = {
			isa = PBXShellScriptBuildPhase;
			buildActionMask = 2147483647;
			files = (
			);
			inputPaths = (
			);
			name = "[CP] Embed Pods Frameworks";
			outputPaths = (
			);
			runOnlyForDeploymentPostprocessing = 0;
			shellPath = /bin/sh;
			shellScript = "\"${SRCROOT}/Pods/Target Support Files/Pods-Jesters-HubTests/Pods-Jesters-HubTests-frameworks.sh\"\n";
			showEnvVarsInLog = 0;
		};
		DFD65CB1F8F80CB3D5F2140B /* [CP] Check Pods Manifest.lock */ = {
			isa = PBXShellScriptBuildPhase;
			buildActionMask = 2147483647;
			files = (
			);
			inputPaths = (
			);
			name = "[CP] Check Pods Manifest.lock";
			outputPaths = (
			);
			runOnlyForDeploymentPostprocessing = 0;
			shellPath = /bin/sh;
			shellScript = "diff \"${PODS_ROOT}/../Podfile.lock\" \"${PODS_ROOT}/Manifest.lock\" > /dev/null\nif [ $? != 0 ] ; then\n    # print error to STDERR\n    echo \"error: The sandbox is not in sync with the Podfile.lock. Run 'pod install' or update your CocoaPods installation.\" >&2\n    exit 1\nfi\n";
			showEnvVarsInLog = 0;
		};
		F7C4BCA4ADAA29463643BBAD /* [CP] Check Pods Manifest.lock */ = {
			isa = PBXShellScriptBuildPhase;
			buildActionMask = 2147483647;
			files = (
			);
			inputPaths = (
			);
			name = "[CP] Check Pods Manifest.lock";
			outputPaths = (
			);
			runOnlyForDeploymentPostprocessing = 0;
			shellPath = /bin/sh;
			shellScript = "diff \"${PODS_ROOT}/../Podfile.lock\" \"${PODS_ROOT}/Manifest.lock\" > /dev/null\nif [ $? != 0 ] ; then\n    # print error to STDERR\n    echo \"error: The sandbox is not in sync with the Podfile.lock. Run 'pod install' or update your CocoaPods installation.\" >&2\n    exit 1\nfi\n";
			showEnvVarsInLog = 0;
		};
		FAEA51350FCECC280AFFF955 /* [CP] Copy Pods Resources */ = {
			isa = PBXShellScriptBuildPhase;
			buildActionMask = 2147483647;
			files = (
			);
			inputPaths = (
			);
			name = "[CP] Copy Pods Resources";
			outputPaths = (
			);
			runOnlyForDeploymentPostprocessing = 0;
			shellPath = /bin/sh;
			shellScript = "\"${SRCROOT}/Pods/Target Support Files/Pods-Jesters-HubUITests/Pods-Jesters-HubUITests-resources.sh\"\n";
			showEnvVarsInLog = 0;
		};
/* End PBXShellScriptBuildPhase section */

/* Begin PBXSourcesBuildPhase section */
		AF775B6D1DCB7DB600D5B9D6 /* Sources */ = {
			isa = PBXSourcesBuildPhase;
			buildActionMask = 2147483647;
			files = (
				AF775B771DCB7DB600D5B9D6 /* SignInVC.swift in Sources */,
				AF775B751DCB7DB600D5B9D6 /* AppDelegate.swift in Sources */,
			);
			runOnlyForDeploymentPostprocessing = 0;
		};
		AF775B811DCB7DB600D5B9D6 /* Sources */ = {
			isa = PBXSourcesBuildPhase;
			buildActionMask = 2147483647;
			files = (
				AF775B8A1DCB7DB600D5B9D6 /* Jesters_HubTests.swift in Sources */,
			);
			runOnlyForDeploymentPostprocessing = 0;
		};
		AF775B8C1DCB7DB600D5B9D6 /* Sources */ = {
			isa = PBXSourcesBuildPhase;
			buildActionMask = 2147483647;
			files = (
				AF775B951DCB7DB600D5B9D6 /* Jesters_HubUITests.swift in Sources */,
			);
			runOnlyForDeploymentPostprocessing = 0;
		};
/* End PBXSourcesBuildPhase section */

/* Begin PBXTargetDependency section */
		AF775B871DCB7DB600D5B9D6 /* PBXTargetDependency */ = {
			isa = PBXTargetDependency;
			target = AF775B701DCB7DB600D5B9D6 /* Jesters-Hub */;
			targetProxy = AF775B861DCB7DB600D5B9D6 /* PBXContainerItemProxy */;
		};
		AF775B921DCB7DB600D5B9D6 /* PBXTargetDependency */ = {
			isa = PBXTargetDependency;
			target = AF775B701DCB7DB600D5B9D6 /* Jesters-Hub */;
			targetProxy = AF775B911DCB7DB600D5B9D6 /* PBXContainerItemProxy */;
		};
/* End PBXTargetDependency section */

/* Begin PBXVariantGroup section */
		AF775B781DCB7DB600D5B9D6 /* Main.storyboard */ = {
			isa = PBXVariantGroup;
			children = (
				AF775B791DCB7DB600D5B9D6 /* Base */,
			);
			name = Main.storyboard;
			sourceTree = "<group>";
		};
		AF775B7D1DCB7DB600D5B9D6 /* LaunchScreen.storyboard */ = {
			isa = PBXVariantGroup;
			children = (
				AF775B7E1DCB7DB600D5B9D6 /* Base */,
			);
			name = LaunchScreen.storyboard;
			sourceTree = "<group>";
		};
/* End PBXVariantGroup section */

/* Begin XCBuildConfiguration section */
		AF775B971DCB7DB600D5B9D6 /* Debug */ = {
			isa = XCBuildConfiguration;
			buildSettings = {
				ALWAYS_SEARCH_USER_PATHS = NO;
				CLANG_ANALYZER_NONNULL = YES;
				CLANG_CXX_LANGUAGE_STANDARD = "gnu++0x";
				CLANG_CXX_LIBRARY = "libc++";
				CLANG_ENABLE_MODULES = YES;
				CLANG_ENABLE_OBJC_ARC = YES;
				CLANG_WARN_BOOL_CONVERSION = YES;
				CLANG_WARN_CONSTANT_CONVERSION = YES;
				CLANG_WARN_DIRECT_OBJC_ISA_USAGE = YES_ERROR;
				CLANG_WARN_DOCUMENTATION_COMMENTS = YES;
				CLANG_WARN_EMPTY_BODY = YES;
				CLANG_WARN_ENUM_CONVERSION = YES;
				CLANG_WARN_INFINITE_RECURSION = YES;
				CLANG_WARN_INT_CONVERSION = YES;
				CLANG_WARN_OBJC_ROOT_CLASS = YES_ERROR;
				CLANG_WARN_SUSPICIOUS_MOVE = YES;
				CLANG_WARN_SUSPICIOUS_MOVES = YES;
				CLANG_WARN_UNREACHABLE_CODE = YES;
				CLANG_WARN__DUPLICATE_METHOD_MATCH = YES;
				"CODE_SIGN_IDENTITY[sdk=iphoneos*]" = "iPhone Developer";
				COPY_PHASE_STRIP = NO;
				DEBUG_INFORMATION_FORMAT = dwarf;
				ENABLE_STRICT_OBJC_MSGSEND = YES;
				ENABLE_TESTABILITY = YES;
				GCC_C_LANGUAGE_STANDARD = gnu99;
				GCC_DYNAMIC_NO_PIC = NO;
				GCC_NO_COMMON_BLOCKS = YES;
				GCC_OPTIMIZATION_LEVEL = 0;
				GCC_PREPROCESSOR_DEFINITIONS = (
					"DEBUG=1",
					"$(inherited)",
				);
				GCC_WARN_64_TO_32_BIT_CONVERSION = YES;
				GCC_WARN_ABOUT_RETURN_TYPE = YES_ERROR;
				GCC_WARN_UNDECLARED_SELECTOR = YES;
				GCC_WARN_UNINITIALIZED_AUTOS = YES_AGGRESSIVE;
				GCC_WARN_UNUSED_FUNCTION = YES;
				GCC_WARN_UNUSED_VARIABLE = YES;
				IPHONEOS_DEPLOYMENT_TARGET = 10.1;
				MTL_ENABLE_DEBUG_INFO = YES;
				ONLY_ACTIVE_ARCH = YES;
				SDKROOT = iphoneos;
				SWIFT_ACTIVE_COMPILATION_CONDITIONS = DEBUG;
				SWIFT_OPTIMIZATION_LEVEL = "-Onone";
				TARGETED_DEVICE_FAMILY = "1,2";
			};
			name = Debug;
		};
		AF775B981DCB7DB600D5B9D6 /* Release */ = {
			isa = XCBuildConfiguration;
			buildSettings = {
				ALWAYS_SEARCH_USER_PATHS = NO;
				CLANG_ANALYZER_NONNULL = YES;
				CLANG_CXX_LANGUAGE_STANDARD = "gnu++0x";
				CLANG_CXX_LIBRARY = "libc++";
				CLANG_ENABLE_MODULES = YES;
				CLANG_ENABLE_OBJC_ARC = YES;
				CLANG_WARN_BOOL_CONVERSION = YES;
				CLANG_WARN_CONSTANT_CONVERSION = YES;
				CLANG_WARN_DIRECT_OBJC_ISA_USAGE = YES_ERROR;
				CLANG_WARN_DOCUMENTATION_COMMENTS = YES;
				CLANG_WARN_EMPTY_BODY = YES;
				CLANG_WARN_ENUM_CONVERSION = YES;
				CLANG_WARN_INFINITE_RECURSION = YES;
				CLANG_WARN_INT_CONVERSION = YES;
				CLANG_WARN_OBJC_ROOT_CLASS = YES_ERROR;
				CLANG_WARN_SUSPICIOUS_MOVE = YES;
				CLANG_WARN_SUSPICIOUS_MOVES = YES;
				CLANG_WARN_UNREACHABLE_CODE = YES;
				CLANG_WARN__DUPLICATE_METHOD_MATCH = YES;
				"CODE_SIGN_IDENTITY[sdk=iphoneos*]" = "iPhone Developer";
				COPY_PHASE_STRIP = NO;
				DEBUG_INFORMATION_FORMAT = "dwarf-with-dsym";
				ENABLE_NS_ASSERTIONS = NO;
				ENABLE_STRICT_OBJC_MSGSEND = YES;
				GCC_C_LANGUAGE_STANDARD = gnu99;
				GCC_NO_COMMON_BLOCKS = YES;
				GCC_WARN_64_TO_32_BIT_CONVERSION = YES;
				GCC_WARN_ABOUT_RETURN_TYPE = YES_ERROR;
				GCC_WARN_UNDECLARED_SELECTOR = YES;
				GCC_WARN_UNINITIALIZED_AUTOS = YES_AGGRESSIVE;
				GCC_WARN_UNUSED_FUNCTION = YES;
				GCC_WARN_UNUSED_VARIABLE = YES;
				IPHONEOS_DEPLOYMENT_TARGET = 10.1;
				MTL_ENABLE_DEBUG_INFO = NO;
				SDKROOT = iphoneos;
				SWIFT_OPTIMIZATION_LEVEL = "-Owholemodule";
				TARGETED_DEVICE_FAMILY = "1,2";
				VALIDATE_PRODUCT = YES;
			};
			name = Release;
		};
		AF775B9A1DCB7DB600D5B9D6 /* Debug */ = {
			isa = XCBuildConfiguration;
			baseConfigurationReference = D4850AF1574BA9975C0DC024 /* Pods-Jesters-Hub.debug.xcconfig */;
			buildSettings = {
				ASSETCATALOG_COMPILER_APPICON_NAME = AppIcon;
				DEVELOPMENT_TEAM = R7P88YM2GX;
				INFOPLIST_FILE = "Jesters-Hub/Info.plist";
				LD_RUNPATH_SEARCH_PATHS = "$(inherited) @executable_path/Frameworks";
				PRODUCT_BUNDLE_IDENTIFIER = "MoeAnvar.Jesters-Hub";
				PRODUCT_NAME = "$(TARGET_NAME)";
				SWIFT_VERSION = 3.0;
			};
			name = Debug;
		};
		AF775B9B1DCB7DB600D5B9D6 /* Release */ = {
			isa = XCBuildConfiguration;
			baseConfigurationReference = 943B903CD9A3C09DFD0585A8 /* Pods-Jesters-Hub.release.xcconfig */;
			buildSettings = {
				ASSETCATALOG_COMPILER_APPICON_NAME = AppIcon;
				DEVELOPMENT_TEAM = R7P88YM2GX;
				INFOPLIST_FILE = "Jesters-Hub/Info.plist";
				LD_RUNPATH_SEARCH_PATHS = "$(inherited) @executable_path/Frameworks";
				PRODUCT_BUNDLE_IDENTIFIER = "MoeAnvar.Jesters-Hub";
				PRODUCT_NAME = "$(TARGET_NAME)";
				SWIFT_VERSION = 3.0;
			};
			name = Release;
		};
		AF775B9D1DCB7DB600D5B9D6 /* Debug */ = {
			isa = XCBuildConfiguration;
			baseConfigurationReference = 7BEC66F69BB6791DB3F2F707 /* Pods-Jesters-HubTests.debug.xcconfig */;
			buildSettings = {
				ALWAYS_EMBED_SWIFT_STANDARD_LIBRARIES = YES;
				BUNDLE_LOADER = "$(TEST_HOST)";
				DEVELOPMENT_TEAM = R7P88YM2GX;
				INFOPLIST_FILE = "Jesters-HubTests/Info.plist";
				LD_RUNPATH_SEARCH_PATHS = "$(inherited) @executable_path/Frameworks @loader_path/Frameworks";
				PRODUCT_BUNDLE_IDENTIFIER = "MoeAnvar.Jesters-HubTests";
				PRODUCT_NAME = "$(TARGET_NAME)";
				SWIFT_VERSION = 3.0;
				TEST_HOST = "$(BUILT_PRODUCTS_DIR)/Jesters-Hub.app/Jesters-Hub";
			};
			name = Debug;
		};
		AF775B9E1DCB7DB600D5B9D6 /* Release */ = {
			isa = XCBuildConfiguration;
			baseConfigurationReference = DCCFDCAE993FB441F05B1140 /* Pods-Jesters-HubTests.release.xcconfig */;
			buildSettings = {
				ALWAYS_EMBED_SWIFT_STANDARD_LIBRARIES = YES;
				BUNDLE_LOADER = "$(TEST_HOST)";
				DEVELOPMENT_TEAM = R7P88YM2GX;
				INFOPLIST_FILE = "Jesters-HubTests/Info.plist";
				LD_RUNPATH_SEARCH_PATHS = "$(inherited) @executable_path/Frameworks @loader_path/Frameworks";
				PRODUCT_BUNDLE_IDENTIFIER = "MoeAnvar.Jesters-HubTests";
				PRODUCT_NAME = "$(TARGET_NAME)";
				SWIFT_VERSION = 3.0;
				TEST_HOST = "$(BUILT_PRODUCTS_DIR)/Jesters-Hub.app/Jesters-Hub";
			};
			name = Release;
		};
		AF775BA01DCB7DB600D5B9D6 /* Debug */ = {
			isa = XCBuildConfiguration;
			baseConfigurationReference = 9464D4BAED1FA2B20D268A5C /* Pods-Jesters-HubUITests.debug.xcconfig */;
			buildSettings = {
				ALWAYS_EMBED_SWIFT_STANDARD_LIBRARIES = YES;
				DEVELOPMENT_TEAM = R7P88YM2GX;
				INFOPLIST_FILE = "Jesters-HubUITests/Info.plist";
				LD_RUNPATH_SEARCH_PATHS = "$(inherited) @executable_path/Frameworks @loader_path/Frameworks";
				PRODUCT_BUNDLE_IDENTIFIER = "MoeAnvar.Jesters-HubUITests";
				PRODUCT_NAME = "$(TARGET_NAME)";
				SWIFT_VERSION = 3.0;
				TEST_TARGET_NAME = "Jesters-Hub";
			};
			name = Debug;
		};
		AF775BA11DCB7DB600D5B9D6 /* Release */ = {
			isa = XCBuildConfiguration;
			baseConfigurationReference = 98E308DD762B613448935899 /* Pods-Jesters-HubUITests.release.xcconfig */;
			buildSettings = {
				ALWAYS_EMBED_SWIFT_STANDARD_LIBRARIES = YES;
				DEVELOPMENT_TEAM = R7P88YM2GX;
				INFOPLIST_FILE = "Jesters-HubUITests/Info.plist";
				LD_RUNPATH_SEARCH_PATHS = "$(inherited) @executable_path/Frameworks @loader_path/Frameworks";
				PRODUCT_BUNDLE_IDENTIFIER = "MoeAnvar.Jesters-HubUITests";
				PRODUCT_NAME = "$(TARGET_NAME)";
				SWIFT_VERSION = 3.0;
				TEST_TARGET_NAME = "Jesters-Hub";
			};
			name = Release;
		};
/* End XCBuildConfiguration section */

/* Begin XCConfigurationList section */
		AF775B6C1DCB7DB600D5B9D6 /* Build configuration list for PBXProject "Jesters-Hub" */ = {
			isa = XCConfigurationList;
			buildConfigurations = (
				AF775B971DCB7DB600D5B9D6 /* Debug */,
				AF775B981DCB7DB600D5B9D6 /* Release */,
			);
			defaultConfigurationIsVisible = 0;
			defaultConfigurationName = Release;
		};
		AF775B991DCB7DB600D5B9D6 /* Build configuration list for PBXNativeTarget "Jesters-Hub" */ = {
			isa = XCConfigurationList;
			buildConfigurations = (
				AF775B9A1DCB7DB600D5B9D6 /* Debug */,
				AF775B9B1DCB7DB600D5B9D6 /* Release */,
			);
			defaultConfigurationIsVisible = 0;
			defaultConfigurationName = Release;
		};
		AF775B9C1DCB7DB600D5B9D6 /* Build configuration list for PBXNativeTarget "Jesters-HubTests" */ = {
			isa = XCConfigurationList;
			buildConfigurations = (
				AF775B9D1DCB7DB600D5B9D6 /* Debug */,
				AF775B9E1DCB7DB600D5B9D6 /* Release */,
			);
			defaultConfigurationIsVisible = 0;
			defaultConfigurationName = Release;
		};
		AF775B9F1DCB7DB600D5B9D6 /* Build configuration list for PBXNativeTarget "Jesters-HubUITests" */ = {
			isa = XCConfigurationList;
			buildConfigurations = (
				AF775BA01DCB7DB600D5B9D6 /* Debug */,
				AF775BA11DCB7DB600D5B9D6 /* Release */,
			);
			defaultConfigurationIsVisible = 0;
			defaultConfigurationName = Release;
		};
/* End XCConfigurationList section */
	};
	rootObject = AF775B691DCB7DB600D5B9D6 /* Project object */;
}
